
Microsoft Visual Studio Solution File, Format Version 12.00
# Visual Studio Version 16
VisualStudioVersion = 16.0.29306.81
MinimumVisualStudioVersion = 10.0.40219.1
Project("{2150E333-8FDC-42A3-9474-1A3956D46DE8}") = "Producer", "Producer", "{C5A0F4BC-590C-418E-90D8-EAA59B6A9181}"
EndProject
Project("{2150E333-8FDC-42A3-9474-1A3956D46DE8}") = "Relational Databases", "Relational Databases", "{9D249F89-B665-4EF0-8A0A-3A19C4B61C9D}"
EndProject
Project("{2150E333-8FDC-42A3-9474-1A3956D46DE8}") = "Extensions", "Extensions", "{4DBD235B-B085-47B1-8D8F-818612495645}"
EndProject
Project("{2150E333-8FDC-42A3-9474-1A3956D46DE8}") = "Tests", "Tests", "{8852D093-113B-48AF-BBA9-4F67346FDC9B}"
EndProject
Project("{9A19103F-16F7-4668-BE54-9A1E7A4F7556}") = "MISE.Producer.Tests", "tests\MISE.Producer.UnitTests\MISE.Producer.Tests.csproj", "{F52CCD2D-89FA-4487-B94E-BD61D491E927}"
EndProject
Project("{2150E333-8FDC-42A3-9474-1A3956D46DE8}") = "Solution Items", "Solution Items", "{75C3AB05-AD67-4DA1-96E2-47372462AF89}"
	ProjectSection(SolutionItems) = preProject
		README.md = README.md
	EndProjectSection
EndProject
Project("{9A19103F-16F7-4668-BE54-9A1E7A4F7556}") = "MISE.Producer.Extensions.DependencyInjection.RelationalDatabases", "src\MISE.Producer\MISE.Producer.Extensions.DependencyInjection.RelationalDatabases\MISE.Producer.Extensions.DependencyInjection.RelationalDatabases.csproj", "{677FD10E-151F-4FDD-B983-D5E5BE78D024}"
EndProject
Project("{9A19103F-16F7-4668-BE54-9A1E7A4F7556}") = "MISE.Producer.Infrastructure", "src\MISE.Producer\MISE.Producer.Infrastructure\MISE.Producer.Infrastructure.csproj", "{6893A7C3-3758-42FF-B39D-4828E7FDC13E}"
EndProject
Project("{9A19103F-16F7-4668-BE54-9A1E7A4F7556}") = "MISE.Producer.UI.Console", "src\MISE.Producer\MISE.Producer.UI.Console\MISE.Producer.UI.Console.csproj", "{4D0570EF-9A51-474E-ADF3-C651DD7354B3}"
EndProject
Project("{9A19103F-16F7-4668-BE54-9A1E7A4F7556}") = "MISE.Producer.Core", "src\MISE.Producer\MISE.Producer.Core\MISE.Producer.Core.csproj", "{0DAA4A8A-EAD1-4FD4-BC16-A625ACBD5AD4}"
EndProject
Project("{9A19103F-16F7-4668-BE54-9A1E7A4F7556}") = "MISE.Producer.Core.RelationalDatabases", "src\MISE.Producer\MISE.Producer.RelationalDatabases.Core\MISE.Producer.Core.RelationalDatabases.csproj", "{0FE2B6E7-CAF9-457E-93B3-47BB2F2E4C62}"
EndProject
Project("{9A19103F-16F7-4668-BE54-9A1E7A4F7556}") = "MISE.Producer.Infrastructure.RelationalDatabases.SqlServer", "src\MISE.Producer\MISE.Producer.RelationalDatabases.SqlServer\MISE.Producer.Infrastructure.RelationalDatabases.SqlServer.csproj", "{01B0E0D9-E240-4B38-99EF-9A337E37DB54}"
EndProject
Project("{9A19103F-16F7-4668-BE54-9A1E7A4F7556}") = "MISE.Producer.Infrastructure.RelationalDatabases.Oracle", "src\MISE.Producer\MISE.Producer.Infrastructure.RelationalDatabases.Oracle\MISE.Producer.Infrastructure.RelationalDatabases.Oracle.csproj", "{94E6C9B7-43B7-4AA3-BCC3-29F707AD778F}"
EndProject
Global
	GlobalSection(SolutionConfigurationPlatforms) = preSolution
		Debug|Any CPU = Debug|Any CPU
		Release|Any CPU = Release|Any CPU
	EndGlobalSection
	GlobalSection(ProjectConfigurationPlatforms) = postSolution
		{F52CCD2D-89FA-4487-B94E-BD61D491E927}.Debug|Any CPU.ActiveCfg = Debug|Any CPU
		{F52CCD2D-89FA-4487-B94E-BD61D491E927}.Debug|Any CPU.Build.0 = Debug|Any CPU
		{F52CCD2D-89FA-4487-B94E-BD61D491E927}.Release|Any CPU.ActiveCfg = Release|Any CPU
		{F52CCD2D-89FA-4487-B94E-BD61D491E927}.Release|Any CPU.Build.0 = Release|Any CPU
		{677FD10E-151F-4FDD-B983-D5E5BE78D024}.Debug|Any CPU.ActiveCfg = Debug|Any CPU
		{677FD10E-151F-4FDD-B983-D5E5BE78D024}.Debug|Any CPU.Build.0 = Debug|Any CPU
		{677FD10E-151F-4FDD-B983-D5E5BE78D024}.Release|Any CPU.ActiveCfg = Release|Any CPU
		{677FD10E-151F-4FDD-B983-D5E5BE78D024}.Release|Any CPU.Build.0 = Release|Any CPU
		{6893A7C3-3758-42FF-B39D-4828E7FDC13E}.Debug|Any CPU.ActiveCfg = Debug|Any CPU
		{6893A7C3-3758-42FF-B39D-4828E7FDC13E}.Debug|Any CPU.Build.0 = Debug|Any CPU
		{6893A7C3-3758-42FF-B39D-4828E7FDC13E}.Release|Any CPU.ActiveCfg = Release|Any CPU
		{6893A7C3-3758-42FF-B39D-4828E7FDC13E}.Release|Any CPU.Build.0 = Release|Any CPU
		{4D0570EF-9A51-474E-ADF3-C651DD7354B3}.Debug|Any CPU.ActiveCfg = Debug|Any CPU
		{4D0570EF-9A51-474E-ADF3-C651DD7354B3}.Debug|Any CPU.Build.0 = Debug|Any CPU
		{4D0570EF-9A51-474E-ADF3-C651DD7354B3}.Release|Any CPU.ActiveCfg = Release|Any CPU
		{4D0570EF-9A51-474E-ADF3-C651DD7354B3}.Release|Any CPU.Build.0 = Release|Any CPU
		{0DAA4A8A-EAD1-4FD4-BC16-A625ACBD5AD4}.Debug|Any CPU.ActiveCfg = Debug|Any CPU
		{0DAA4A8A-EAD1-4FD4-BC16-A625ACBD5AD4}.Debug|Any CPU.Build.0 = Debug|Any CPU
		{0DAA4A8A-EAD1-4FD4-BC16-A625ACBD5AD4}.Release|Any CPU.ActiveCfg = Release|Any CPU
		{0DAA4A8A-EAD1-4FD4-BC16-A625ACBD5AD4}.Release|Any CPU.Build.0 = Release|Any CPU
		{0FE2B6E7-CAF9-457E-93B3-47BB2F2E4C62}.Debug|Any CPU.ActiveCfg = Debug|Any CPU
		{0FE2B6E7-CAF9-457E-93B3-47BB2F2E4C62}.Debug|Any CPU.Build.0 = Debug|Any CPU
		{0FE2B6E7-CAF9-457E-93B3-47BB2F2E4C62}.Release|Any CPU.ActiveCfg = Release|Any CPU
		{0FE2B6E7-CAF9-457E-93B3-47BB2F2E4C62}.Release|Any CPU.Build.0 = Release|Any CPU
		{01B0E0D9-E240-4B38-99EF-9A337E37DB54}.Debug|Any CPU.ActiveCfg = Debug|Any CPU
		{01B0E0D9-E240-4B38-99EF-9A337E37DB54}.Debug|Any CPU.Build.0 = Debug|Any CPU
		{01B0E0D9-E240-4B38-99EF-9A337E37DB54}.Release|Any CPU.ActiveCfg = Release|Any CPU
		{01B0E0D9-E240-4B38-99EF-9A337E37DB54}.Release|Any CPU.Build.0 = Release|Any CPU
		{94E6C9B7-43B7-4AA3-BCC3-29F707AD778F}.Debug|Any CPU.ActiveCfg = Debug|Any CPU
		{94E6C9B7-43B7-4AA3-BCC3-29F707AD778F}.Debug|Any CPU.Build.0 = Debug|Any CPU
		{94E6C9B7-43B7-4AA3-BCC3-29F707AD778F}.Release|Any CPU.ActiveCfg = Release|Any CPU
		{94E6C9B7-43B7-4AA3-BCC3-29F707AD778F}.Release|Any CPU.Build.0 = Release|Any CPU
	EndGlobalSection
	GlobalSection(SolutionProperties) = preSolution
		HideSolutionNode = FALSE
	EndGlobalSection
	GlobalSection(NestedProjects) = preSolution
		{F52CCD2D-89FA-4487-B94E-BD61D491E927} = {8852D093-113B-48AF-BBA9-4F67346FDC9B}
		{677FD10E-151F-4FDD-B983-D5E5BE78D024} = {4DBD235B-B085-47B1-8D8F-818612495645}
		{6893A7C3-3758-42FF-B39D-4828E7FDC13E} = {C5A0F4BC-590C-418E-90D8-EAA59B6A9181}
		{4D0570EF-9A51-474E-ADF3-C651DD7354B3} = {C5A0F4BC-590C-418E-90D8-EAA59B6A9181}
		{0DAA4A8A-EAD1-4FD4-BC16-A625ACBD5AD4} = {C5A0F4BC-590C-418E-90D8-EAA59B6A9181}
		{0FE2B6E7-CAF9-457E-93B3-47BB2F2E4C62} = {9D249F89-B665-4EF0-8A0A-3A19C4B61C9D}
		{01B0E0D9-E240-4B38-99EF-9A337E37DB54} = {9D249F89-B665-4EF0-8A0A-3A19C4B61C9D}
		{94E6C9B7-43B7-4AA3-BCC3-29F707AD778F} = {9D249F89-B665-4EF0-8A0A-3A19C4B61C9D}
	EndGlobalSection
	GlobalSection(ExtensibilityGlobals) = postSolution
		SolutionGuid = {7F953048-FF18-47A8-9903-8DBF96F20522}
	EndGlobalSection
EndGlobal
